// !$*UTF8*$!
{
	archiveVersion = 1;
	classes = {
	};
	objectVersion = 46;
	objects = {

/* Begin PBXBuildFile section */
		AAAE553B1813B99000158D66 /* Foundation.framework in Frameworks */ = {isa = PBXBuildFile; fileRef = AAAE553A1813B99000158D66 /* Foundation.framework */; };
		AAAE553D1813B99000158D66 /* CoreGraphics.framework in Frameworks */ = {isa = PBXBuildFile; fileRef = AAAE553C1813B99000158D66 /* CoreGraphics.framework */; };
		AAAE553F1813B99000158D66 /* UIKit.framework in Frameworks */ = {isa = PBXBuildFile; fileRef = AAAE553E1813B99000158D66 /* UIKit.framework */; };
		AAAE55451813B99000158D66 /* InfoPlist.strings in Resources */ = {isa = PBXBuildFile; fileRef = AAAE55431813B99000158D66 /* InfoPlist.strings */; };
		AAAE55471813B99000158D66 /* main.m in Sources */ = {isa = PBXBuildFile; fileRef = AAAE55461813B99000158D66 /* main.m */; };
		AAAE554B1813B99000158D66 /* AppDelegate.m in Sources */ = {isa = PBXBuildFile; fileRef = AAAE554A1813B99000158D66 /* AppDelegate.m */; };
		AAAE554E1813B99000158D66 /* Main_iPhone.storyboard in Resources */ = {isa = PBXBuildFile; fileRef = AAAE554C1813B99000158D66 /* Main_iPhone.storyboard */; };
		AAAE55511813B99000158D66 /* Main_iPad.storyboard in Resources */ = {isa = PBXBuildFile; fileRef = AAAE554F1813B99000158D66 /* Main_iPad.storyboard */; };
		AAAE55541813B99000158D66 /* ViewController.m in Sources */ = {isa = PBXBuildFile; fileRef = AAAE55531813B99000158D66 /* ViewController.m */; };
		AAAE55561813B99000158D66 /* Images.xcassets in Resources */ = {isa = PBXBuildFile; fileRef = AAAE55551813B99000158D66 /* Images.xcassets */; };
		AAAE55731813BA8100158D66 /* libKSockets.a in Frameworks */ = {isa = PBXBuildFile; fileRef = AAAE55721813BA8100158D66 /* libKSockets.a */; };
/* End PBXBuildFile section */

/* Begin PBXFileReference section */
		AAAE55371813B99000158D66 /* KClientGUI.app */ = {isa = PBXFileReference; explicitFileType = wrapper.application; includeInIndex = 0; path = KClientGUI.app; sourceTree = BUILT_PRODUCTS_DIR; };
		AAAE553A1813B99000158D66 /* Foundation.framework */ = {isa = PBXFileReference; lastKnownFileType = wrapper.framework; name = Foundation.framework; path = System/Library/Frameworks/Foundation.framework; sourceTree = SDKROOT; };
		AAAE553C1813B99000158D66 /* CoreGraphics.framework */ = {isa = PBXFileReference; lastKnownFileType = wrapper.framework; name = CoreGraphics.framework; path = System/Library/Frameworks/CoreGraphics.framework; sourceTree = SDKROOT; };
		AAAE553E1813B99000158D66 /* UIKit.framework */ = {isa = PBXFileReference; lastKnownFileType = wrapper.framework; name = UIKit.framework; path = System/Library/Frameworks/UIKit.framework; sourceTree = SDKROOT; };
		AAAE55421813B99000158D66 /* KClientGUI-Info.plist */ = {isa = PBXFileReference; lastKnownFileType = text.plist.xml; path = "KClientGUI-Info.plist"; sourceTree = "<group>"; };
		AAAE55441813B99000158D66 /* en */ = {isa = PBXFileReference; lastKnownFileType = text.plist.strings; name = en; path = en.lproj/InfoPlist.strings; sourceTree = "<group>"; };
		AAAE55461813B99000158D66 /* main.m */ = {isa = PBXFileReference; lastKnownFileType = sourcecode.c.objc; path = main.m; sourceTree = "<group>"; };
		AAAE55481813B99000158D66 /* KClientGUI-Prefix.pch */ = {isa = PBXFileReference; lastKnownFileType = sourcecode.c.h; path = "KClientGUI-Prefix.pch"; sourceTree = "<group>"; };
		AAAE55491813B99000158D66 /* AppDelegate.h */ = {isa = PBXFileReference; lastKnownFileType = sourcecode.c.h; path = AppDelegate.h; sourceTree = "<group>"; };
		AAAE554A1813B99000158D66 /* AppDelegate.m */ = {isa = PBXFileReference; lastKnownFileType = sourcecode.c.objc; path = AppDelegate.m; sourceTree = "<group>"; };
		AAAE554D1813B99000158D66 /* Base */ = {isa = PBXFileReference; lastKnownFileType = file.storyboard; name = Base; path = Base.lproj/Main_iPhone.storyboard; sourceTree = "<group>"; };
		AAAE55501813B99000158D66 /* Base */ = {isa = PBXFileReference; lastKnownFileType = file.storyboard; name = Base; path = Base.lproj/Main_iPad.storyboard; sourceTree = "<group>"; };
		AAAE55521813B99000158D66 /* ViewController.h */ = {isa = PBXFileReference; lastKnownFileType = sourcecode.c.h; path = ViewController.h; sourceTree = "<group>"; };
		AAAE55531813B99000158D66 /* ViewController.m */ = {isa = PBXFileReference; lastKnownFileType = sourcecode.c.objc; path = ViewController.m; sourceTree = "<group>"; };
		AAAE55551813B99000158D66 /* Images.xcassets */ = {isa = PBXFileReference; lastKnownFileType = folder.assetcatalog; path = Images.xcassets; sourceTree = "<group>"; };
		AAAE555C1813B99000158D66 /* XCTest.framework */ = {isa = PBXFileReference; lastKnownFileType = wrapper.framework; name = XCTest.framework; path = Library/Frameworks/XCTest.framework; sourceTree = DEVELOPER_DIR; };
		AAAE55641813B99000158D66 /* KClientGUITests-Info.plist */ = {isa = PBXFileReference; lastKnownFileType = text.plist.xml; path = "KClientGUITests-Info.plist"; sourceTree = "<group>"; };
		AAAE55661813B99000158D66 /* en */ = {isa = PBXFileReference; lastKnownFileType = text.plist.strings; name = en; path = en.lproj/InfoPlist.strings; sourceTree = "<group>"; };
		AAAE55681813B99000158D66 /* KClientGUITests.m */ = {isa = PBXFileReference; lastKnownFileType = sourcecode.c.objc; path = KClientGUITests.m; sourceTree = "<group>"; };
		AAAE55721813BA8100158D66 /* libKSockets.a */ = {isa = PBXFileReference; lastKnownFileType = archive.ar; name = libKSockets.a; path = "../../../../../Library/Developer/Xcode/DerivedData/KSockets-ekrguogdqmdfyzfzzeorvzmdtcvr/Build/Products/Debug-iphoneos/libKSockets.a"; sourceTree = "<group>"; };
/* End PBXFileReference section */

/* Begin PBXFrameworksBuildPhase section */
		AAAE55341813B99000158D66 /* Frameworks */ = {
			isa = PBXFrameworksBuildPhase;
			buildActionMask = 2147483647;
			files = (
				AAAE55731813BA8100158D66 /* libKSockets.a in Frameworks */,
				AAAE553D1813B99000158D66 /* CoreGraphics.framework in Frameworks */,
				AAAE553F1813B99000158D66 /* UIKit.framework in Frameworks */,
				AAAE553B1813B99000158D66 /* Foundation.framework in Frameworks */,
			);
			runOnlyForDeploymentPostprocessing = 0;
		};
/* End PBXFrameworksBuildPhase section */

/* Begin PBXGroup section */
		AAAE552E1813B99000158D66 = {
			isa = PBXGroup;
			children = (
				AAAE55401813B99000158D66 /* KClientGUI */,
				AAAE55621813B99000158D66 /* KClientGUITests */,
				AAAE55391813B99000158D66 /* Frameworks */,
				AAAE55381813B99000158D66 /* Products */,
			);
			sourceTree = "<group>";
		};
		AAAE55381813B99000158D66 /* Products */ = {
			isa = PBXGroup;
			children = (
				AAAE55371813B99000158D66 /* KClientGUI.app */,
			);
			name = Products;
			sourceTree = "<group>";
		};
		AAAE55391813B99000158D66 /* Frameworks */ = {
			isa = PBXGroup;
			children = (
				AAAE55721813BA8100158D66 /* libKSockets.a */,
				AAAE553A1813B99000158D66 /* Foundation.framework */,
				AAAE553C1813B99000158D66 /* CoreGraphics.framework */,
				AAAE553E1813B99000158D66 /* UIKit.framework */,
				AAAE555C1813B99000158D66 /* XCTest.framework */,
			);
			name = Frameworks;
			sourceTree = "<group>";
		};
		AAAE55401813B99000158D66 /* KClientGUI */ = {
			isa = PBXGroup;
			children = (
				AAAE55491813B99000158D66 /* AppDelegate.h */,
				AAAE554A1813B99000158D66 /* AppDelegate.m */,
				AAAE554C1813B99000158D66 /* Main_iPhone.storyboard */,
				AAAE554F1813B99000158D66 /* Main_iPad.storyboard */,
				AAAE55521813B99000158D66 /* ViewController.h */,
				AAAE55531813B99000158D66 /* ViewController.m */,
				AAAE55551813B99000158D66 /* Images.xcassets */,
				AAAE55411813B99000158D66 /* Supporting Files */,
			);
			path = KClientGUI;
			sourceTree = "<group>";
		};
		AAAE55411813B99000158D66 /* Supporting Files */ = {
			isa = PBXGroup;
			children = (
				AAAE55421813B99000158D66 /* KClientGUI-Info.plist */,
				AAAE55431813B99000158D66 /* InfoPlist.strings */,
				AAAE55461813B99000158D66 /* main.m */,
				AAAE55481813B99000158D66 /* KClientGUI-Prefix.pch */,
			);
			name = "Supporting Files";
			sourceTree = "<group>";
		};
		AAAE55621813B99000158D66 /* KClientGUITests */ = {
			isa = PBXGroup;
			children = (
				AAAE55681813B99000158D66 /* KClientGUITests.m */,
				AAAE55631813B99000158D66 /* Supporting Files */,
			);
			path = KClientGUITests;
			sourceTree = "<group>";
		};
		AAAE55631813B99000158D66 /* Supporting Files */ = {
			isa = PBXGroup;
			children = (
				AAAE55641813B99000158D66 /* KClientGUITests-Info.plist */,
				AAAE55651813B99000158D66 /* InfoPlist.strings */,
			);
			name = "Supporting Files";
			sourceTree = "<group>";
		};
/* End PBXGroup section */

/* Begin PBXNativeTarget section */
		AAAE55361813B99000158D66 /* KClientGUI */ = {
			isa = PBXNativeTarget;
			buildConfigurationList = AAAE556C1813B99000158D66 /* Build configuration list for PBXNativeTarget "KClientGUI" */;
			buildPhases = (
				AAAE55331813B99000158D66 /* Sources */,
				AAAE55341813B99000158D66 /* Frameworks */,
				AAAE55351813B99000158D66 /* Resources */,
			);
			buildRules = (
			);
			dependencies = (
			);
			name = KClientGUI;
			productName = KClientGUI;
			productReference = AAAE55371813B99000158D66 /* KClientGUI.app */;
			productType = "com.apple.product-type.application";
		};
/* End PBXNativeTarget section */

/* Begin PBXProject section */
		AAAE552F1813B99000158D66 /* Project object */ = {
			isa = PBXProject;
			attributes = {
				LastUpgradeCheck = 0510;
				ORGANIZATIONNAME = "Masafumi Nishida";
				TargetAttributes = {
					AAAE55361813B99000158D66 = {
						DevelopmentTeam = CFPNKQBZ8U;
					};
				};
			};
			buildConfigurationList = AAAE55321813B99000158D66 /* Build configuration list for PBXProject "KClientGUI" */;
			compatibilityVersion = "Xcode 3.2";
			developmentRegion = English;
			hasScannedForEncodings = 0;
			knownRegions = (
				en,
				Base,
			);
			mainGroup = AAAE552E1813B99000158D66;
			productRefGroup = AAAE55381813B99000158D66 /* Products */;
			projectDirPath = "";
			projectRoot = "";
			targets = (
				AAAE55361813B99000158D66 /* KClientGUI */,
			);
		};
/* End PBXProject section */

/* Begin PBXResourcesBuildPhase section */
		AAAE55351813B99000158D66 /* Resources */ = {
			isa = PBXResourcesBuildPhase;
			buildActionMask = 2147483647;
			files = (
				AAAE55511813B99000158D66 /* Main_iPad.storyboard in Resources */,
				AAAE55561813B99000158D66 /* Images.xcassets in Resources */,
				AAAE554E1813B99000158D66 /* Main_iPhone.storyboard in Resources */,
				AAAE55451813B99000158D66 /* InfoPlist.strings in Resources */,
			);
			runOnlyForDeploymentPostprocessing = 0;
		};
/* End PBXResourcesBuildPhase section */

/* Begin PBXSourcesBuildPhase section */
		AAAE55331813B99000158D66 /* Sources */ = {
			isa = PBXSourcesBuildPhase;
			buildActionMask = 2147483647;
			files = (
				AAAE55541813B99000158D66 /* ViewController.m in Sources */,
				AAAE554B1813B99000158D66 /* AppDelegate.m in Sources */,
				AAAE55471813B99000158D66 /* main.m in Sources */,
			);
			runOnlyForDeploymentPostprocessing = 0;
		};
/* End PBXSourcesBuildPhase section */

/* Begin PBXVariantGroup section */
		AAAE55431813B99000158D66 /* InfoPlist.strings */ = {
			isa = PBXVariantGroup;
			children = (
				AAAE55441813B99000158D66 /* en */,
			);
			name = InfoPlist.strings;
			sourceTree = "<group>";
		};
		AAAE554C1813B99000158D66 /* Main_iPhone.storyboard */ = {
			isa = PBXVariantGroup;
			children = (
				AAAE554D1813B99000158D66 /* Base */,
			);
			name = Main_iPhone.storyboard;
			sourceTree = "<group>";
		};
		AAAE554F1813B99000158D66 /* Main_iPad.storyboard */ = {
			isa = PBXVariantGroup;
			children = (
				AAAE55501813B99000158D66 /* Base */,
			);
			name = Main_iPad.storyboard;
			sourceTree = "<group>";
		};
		AAAE55651813B99000158D66 /* InfoPlist.strings */ = {
			isa = PBXVariantGroup;
			children = (
				AAAE55661813B99000158D66 /* en */,
			);
			name = InfoPlist.strings;
			sourceTree = "<group>";
		};
/* End PBXVariantGroup section */

/* Begin XCBuildConfiguration section */
		AAAE556A1813B99000158D66 /* Debug */ = {
			isa = XCBuildConfiguration;
			buildSettings = {
				ALWAYS_SEARCH_USER_PATHS = YES;
				CLANG_CXX_LANGUAGE_STANDARD = "gnu++0x";
				CLANG_CXX_LIBRARY = "libc++";
				CLANG_ENABLE_MODULES = YES;
				CLANG_ENABLE_OBJC_ARC = YES;
				CLANG_WARN_BOOL_CONVERSION = YES;
				CLANG_WARN_CONSTANT_CONVERSION = YES;
				CLANG_WARN_DIRECT_OBJC_ISA_USAGE = YES_ERROR;
				CLANG_WARN_EMPTY_BODY = YES;
				CLANG_WARN_ENUM_CONVERSION = YES;
				CLANG_WARN_INT_CONVERSION = YES;
				CLANG_WARN_OBJC_ROOT_CLASS = YES_ERROR;
				CLANG_WARN__DUPLICATE_METHOD_MATCH = YES;
				"CODE_SIGN_IDENTITY[sdk=iphoneos*]" = "iPhone Developer";
				COPY_PHASE_STRIP = NO;
				GCC_C_LANGUAGE_STANDARD = gnu99;
				GCC_DYNAMIC_NO_PIC = NO;
				GCC_OPTIMIZATION_LEVEL = 0;
				GCC_PREPROCESSOR_DEFINITIONS = (
					"DEBUG=1",
					"$(inherited)",
				);
				GCC_SYMBOLS_PRIVATE_EXTERN = NO;
				GCC_WARN_64_TO_32_BIT_CONVERSION = YES;
				GCC_WARN_ABOUT_RETURN_TYPE = YES_ERROR;
				GCC_WARN_UNDECLARED_SELECTOR = YES;
				GCC_WARN_UNINITIALIZED_AUTOS = YES;
				GCC_WARN_UNUSED_FUNCTION = YES;
				GCC_WARN_UNUSED_VARIABLE = YES;
				IPHONEOS_DEPLOYMENT_TARGET = 7.0;
				ONLY_ACTIVE_ARCH = YES;
				SDKROOT = iphoneos;
				TARGETED_DEVICE_FAMILY = "1,2";
			};
			name = Debug;
		};
		AAAE556B1813B99000158D66 /* Release */ = {
			isa = XCBuildConfiguration;
			buildSettings = {
				ALWAYS_SEARCH_USER_PATHS = YES;
				CLANG_CXX_LANGUAGE_STANDARD = "gnu++0x";
				CLANG_CXX_LIBRARY = "libc++";
				CLANG_ENABLE_MODULES = YES;
				CLANG_ENABLE_OBJC_ARC = YES;
				CLANG_WARN_BOOL_CONVERSION = YES;
				CLANG_WARN_CONSTANT_CONVERSION = YES;
				CLANG_WARN_DIRECT_OBJC_ISA_USAGE = YES_ERROR;
				CLANG_WARN_EMPTY_BODY = YES;
				CLANG_WARN_ENUM_CONVERSION = YES;
				CLANG_WARN_INT_CONVERSION = YES;
				CLANG_WARN_OBJC_ROOT_CLASS = YES_ERROR;
				CLANG_WARN__DUPLICATE_METHOD_MATCH = YES;
				"CODE_SIGN_IDENTITY[sdk=iphoneos*]" = "iPhone Developer";
				COPY_PHASE_STRIP = YES;
				ENABLE_NS_ASSERTIONS = NO;
				GCC_C_LANGUAGE_STANDARD = gnu99;
				GCC_WARN_64_TO_32_BIT_CONVERSION = YES;
				GCC_WARN_ABOUT_RETURN_TYPE = YES_ERROR;
				GCC_WARN_UNDECLARED_SELECTOR = YES;
				GCC_WARN_UNINITIALIZED_AUTOS = YES;
				GCC_WARN_UNUSED_FUNCTION = YES;
				GCC_WARN_UNUSED_VARIABLE = YES;
				IPHONEOS_DEPLOYMENT_TARGET = 7.0;
				SDKROOT = iphoneos;
				TARGETED_DEVICE_FAMILY = "1,2";
				VALIDATE_PRODUCT = YES;
			};
			name = Release;
		};
		AAAE556D1813B99000158D66 /* Debug */ = {
			isa = XCBuildConfiguration;
			buildSettings = {
				ASSETCATALOG_COMPILER_APPICON_NAME = AppIcon;
				ASSETCATALOG_COMPILER_LAUNCHIMAGE_NAME = LaunchImage;
				CODE_SIGN_IDENTITY = "iPhone Developer";
				GCC_PRECOMPILE_PREFIX_HEADER = YES;
				GCC_PREFIX_HEADER = "KClientGUI/KClientGUI-Prefix.pch";
				INFOPLIST_FILE = "KClientGUI/KClientGUI-Info.plist";
				LIBRARY_SEARCH_PATHS = (
					"$(inherited)",
					"$(USER_LIBRARY_DIR)/Developer/Xcode/DerivedData/KSockets-ekrguogdqmdfyzfzzeorvzmdtcvr/Build/Products/Debug-iphoneos",
				);
				PRODUCT_NAME = "$(TARGET_NAME)";
				USER_HEADER_SEARCH_PATHS = "$(BUILT_PRODUCTS_DIR)/**";
				WRAPPER_EXTENSION = app;
			};
			name = Debug;
		};
		AAAE556E1813B99000158D66 /* Release */ = {
			isa = XCBuildConfiguration;
			buildSettings = {
				ASSETCATALOG_COMPILER_APPICON_NAME = AppIcon;
				ASSETCATALOG_COMPILER_LAUNCHIMAGE_NAME = LaunchImage;
				CODE_SIGN_IDENTITY = "iPhone Developer";
				GCC_PRECOMPILE_PREFIX_HEADER = YES;
				GCC_PREFIX_HEADER = "KClientGUI/KClientGUI-Prefix.pch";
				INFOPLIST_FILE = "KClientGUI/KClientGUI-Info.plist";
				LIBRARY_SEARCH_PATHS = (
					"$(inherited)",
					"$(USER_LIBRARY_DIR)/Developer/Xcode/DerivedData/KSockets-ekrguogdqmdfyzfzzeorvzmdtcvr/Build/Products/Debug-iphoneos",
				);
				PRODUCT_NAME = "$(TARGET_NAME)";
				USER_HEADER_SEARCH_PATHS = "$(BUILT_PRODUCTS_DIR)/**";
				WRAPPER_EXTENSION = app;
			};
			name = Release;
		};
/* End XCBuildConfiguration section */

/* Begin XCConfigurationList section */
		AAAE55321813B99000158D66 /* Build configuration list for PBXProject "KClientGUI" */ = {
			isa = XCConfigurationList;
			buildConfigurations = (
				AAAE556A1813B99000158D66 /* Debug */,
				AAAE556B1813B99000158D66 /* Release */,
			);
			defaultConfigurationIsVisible = 0;
			defaultConfigurationName = Release;
		};
		AAAE556C1813B99000158D66 /* Build configuration list for PBXNativeTarget "KClientGUI" */ = {
			isa = XCConfigurationList;
			buildConfigurations = (
				AAAE556D1813B99000158D66 /* Debug */,
				AAAE556E1813B99000158D66 /* Release */,
			);
			defaultConfigurationIsVisible = 0;
			defaultConfigurationName = Release;
		};
/* End XCConfigurationList section */
	};
	rootObject = AAAE552F1813B99000158D66 /* Project object */;
}
